{
  "name": "summarizer-worker",
  "version": "1.0.0",
  "lockfileVersion": 3,
  "requires": true,
  "packages": {
    "": {
      "name": "summarizer-worker",
      "version": "1.0.0",
      "license": "ISC",
      "dependencies": {
        "@google/generative-ai": "^0.21.0",
        "@pahul100/summarizer-common": "^1.0.8",
        "@prisma/client": "^6.3.1",
        "dotenv": "^16.4.7",
        "redis": "^4.7.0"
      },
      "devDependencies": {
        "@types/node": "^22.13.4",
        "prisma": "^6.3.1"
      }
    },
    "node_modules/@google/generative-ai": {
      "version": "0.21.0",
      "resolved": "https://registry.npmjs.org/@google/generative-ai/-/generative-ai-0.21.0.tgz",
      "integrity": "sha512-7XhUbtnlkSEZK15kN3t+tzIMxsbKm/dSkKBFalj+20NvPKe1kBY7mR2P7vuijEn+f06z5+A8bVGKO0v39cr6Wg==",
      "engines": {
        "node": ">=18.0.0"
      }
    },
    "node_modules/@pahul100/summarizer-common": {
      "version": "1.0.8",
      "resolved": "https://registry.npmjs.org/@pahul100/summarizer-common/-/summarizer-common-1.0.8.tgz",
      "integrity": "sha512-A3JOo2+r9XC4Op/7+PNYAb1kPTtuO8d9p8GAjRKG2wo4b/SSNUfRQmjUKmKOXspvrqheToEV5Zgn9j1tZkS1SA==",
      "dependencies": {
        "zod": "^3.24.2"
      }
    },
    "node_modules/@prisma/client": {
      "version": "6.3.1",
      "resolved": "https://registry.npmjs.org/@prisma/client/-/client-6.3.1.tgz",
      "integrity": "sha512-ARAJaPs+eBkemdky/XU3cvGRl+mIPHCN2lCXsl5Vlb0E2gV+R6IN7aCI8CisRGszEZondwIsW9Iz8EJkTdykyA==",
      "hasInstallScript": true,
      "engines": {
        "node": ">=18.18"
      },
      "peerDependencies": {
        "prisma": "*",
        "typescript": ">=5.1.0"
      },
      "peerDependenciesMeta": {
        "prisma": {
          "optional": true
        },
        "typescript": {
          "optional": true
        }
      }
    },
    "node_modules/@prisma/debug": {
      "version": "6.3.1",
      "resolved": "https://registry.npmjs.org/@prisma/debug/-/debug-6.3.1.tgz",
      "integrity": "sha512-RrEBkd+HLZx+ydfmYT0jUj7wjLiS95wfTOSQ+8FQbvb6vHh5AeKfEPt/XUQ5+Buljj8hltEfOslEW57/wQIVeA==",
      "devOptional": true
    },
    "node_modules/@prisma/engines": {
      "version": "6.3.1",
      "resolved": "https://registry.npmjs.org/@prisma/engines/-/engines-6.3.1.tgz",
      "integrity": "sha512-sXdqEVLyGAJ5/iUoG/Ea5AdHMN71m6PzMBWRQnLmhhOejzqAaEr8rUd623ql6OJpED4s/U4vIn4dg1qkF7vGag==",
      "devOptional": true,
      "hasInstallScript": true,
      "dependencies": {
        "@prisma/debug": "6.3.1",
        "@prisma/engines-version": "6.3.0-17.acc0b9dd43eb689cbd20c9470515d719db10d0b0",
        "@prisma/fetch-engine": "6.3.1",
        "@prisma/get-platform": "6.3.1"
      }
    },
    "node_modules/@prisma/engines-version": {
      "version": "6.3.0-17.acc0b9dd43eb689cbd20c9470515d719db10d0b0",
      "resolved": "https://registry.npmjs.org/@prisma/engines-version/-/engines-version-6.3.0-17.acc0b9dd43eb689cbd20c9470515d719db10d0b0.tgz",
      "integrity": "sha512-R/ZcMuaWZT2UBmgX3Ko6PAV3f8//ZzsjRIG1eKqp3f2rqEqVtCv+mtzuH2rBPUC9ujJ5kCb9wwpxeyCkLcHVyA==",
      "devOptional": true
    },
    "node_modules/@prisma/fetch-engine": {
      "version": "6.3.1",
      "resolved": "https://registry.npmjs.org/@prisma/fetch-engine/-/fetch-engine-6.3.1.tgz",
      "integrity": "sha512-HOf/0umOgt+/S2xtZze+FHKoxpVg4YpVxROr6g2YG09VsI3Ipyb+rGvD6QGbCqkq5NTWAAZoOGNL+oy7t+IhaQ==",
      "devOptional": true,
      "dependencies": {
        "@prisma/debug": "6.3.1",
        "@prisma/engines-version": "6.3.0-17.acc0b9dd43eb689cbd20c9470515d719db10d0b0",
        "@prisma/get-platform": "6.3.1"
      }
    },
    "node_modules/@prisma/get-platform": {
      "version": "6.3.1",
      "resolved": "https://registry.npmjs.org/@prisma/get-platform/-/get-platform-6.3.1.tgz",
      "integrity": "sha512-AYLq6Hk9xG73JdLWJ3Ip9Wg/vlP7xPvftGBalsPzKDOHr/ImhwJ09eS8xC2vNT12DlzGxhfk8BkL0ve2OriNhQ==",
      "devOptional": true,
      "dependencies": {
        "@prisma/debug": "6.3.1"
      }
    },
    "node_modules/@redis/bloom": {
      "version": "1.2.0",
      "resolved": "https://registry.npmjs.org/@redis/bloom/-/bloom-1.2.0.tgz",
      "integrity": "sha512-HG2DFjYKbpNmVXsa0keLHp/3leGJz1mjh09f2RLGGLQZzSHpkmZWuwJbAvo3QcRY8p80m5+ZdXZdYOSBLlp7Cg==",
      "peerDependencies": {
        "@redis/client": "^1.0.0"
      }
    },
    "node_modules/@redis/client": {
      "version": "1.6.0",
      "resolved": "https://registry.npmjs.org/@redis/client/-/client-1.6.0.tgz",
      "integrity": "sha512-aR0uffYI700OEEH4gYnitAnv3vzVGXCFvYfdpu/CJKvk4pHfLPEy/JSZyrpQ+15WhXe1yJRXLtfQ84s4mEXnPg==",
      "dependencies": {
        "cluster-key-slot": "1.1.2",
        "generic-pool": "3.9.0",
        "yallist": "4.0.0"
      },
      "engines": {
        "node": ">=14"
      }
    },
    "node_modules/@redis/graph": {
      "version": "1.1.1",
      "resolved": "https://registry.npmjs.org/@redis/graph/-/graph-1.1.1.tgz",
      "integrity": "sha512-FEMTcTHZozZciLRl6GiiIB4zGm5z5F3F6a6FZCyrfxdKOhFlGkiAqlexWMBzCi4DcRoyiOsuLfW+cjlGWyExOw==",
      "peerDependencies": {
        "@redis/client": "^1.0.0"
      }
    },
    "node_modules/@redis/json": {
      "version": "1.0.7",
      "resolved": "https://registry.npmjs.org/@redis/json/-/json-1.0.7.tgz",
      "integrity": "sha512-6UyXfjVaTBTJtKNG4/9Z8PSpKE6XgSyEb8iwaqDcy+uKrd/DGYHTWkUdnQDyzm727V7p21WUMhsqz5oy65kPcQ==",
      "peerDependencies": {
        "@redis/client": "^1.0.0"
      }
    },
    "node_modules/@redis/search": {
      "version": "1.2.0",
      "resolved": "https://registry.npmjs.org/@redis/search/-/search-1.2.0.tgz",
      "integrity": "sha512-tYoDBbtqOVigEDMAcTGsRlMycIIjwMCgD8eR2t0NANeQmgK/lvxNAvYyb6bZDD4frHRhIHkJu2TBRvB0ERkOmw==",
      "peerDependencies": {
        "@redis/client": "^1.0.0"
      }
    },
    "node_modules/@redis/time-series": {
      "version": "1.1.0",
      "resolved": "https://registry.npmjs.org/@redis/time-series/-/time-series-1.1.0.tgz",
      "integrity": "sha512-c1Q99M5ljsIuc4YdaCwfUEXsofakb9c8+Zse2qxTadu8TalLXuAESzLvFAvNVbkmSlvlzIQOLpBCmWI9wTOt+g==",
      "peerDependencies": {
        "@redis/client": "^1.0.0"
      }
    },
    "node_modules/@types/node": {
      "version": "22.13.4",
      "resolved": "https://registry.npmjs.org/@types/node/-/node-22.13.4.tgz",
      "integrity": "sha512-ywP2X0DYtX3y08eFVx5fNIw7/uIv8hYUKgXoK8oayJlLnKcRfEYCxWMVE1XagUdVtCJlZT1AU4LXEABW+L1Peg==",
      "dev": true,
      "dependencies": {
        "undici-types": "~6.20.0"
      }
    },
    "node_modules/cluster-key-slot": {
      "version": "1.1.2",
      "resolved": "https://registry.npmjs.org/cluster-key-slot/-/cluster-key-slot-1.1.2.tgz",
      "integrity": "sha512-RMr0FhtfXemyinomL4hrWcYJxmX6deFdCxpJzhDttxgO1+bcCnkk+9drydLVDmAMG7NE6aN/fl4F7ucU/90gAA==",
      "engines": {
        "node": ">=0.10.0"
      }
    },
    "node_modules/dotenv": {
      "version": "16.4.7",
      "resolved": "https://registry.npmjs.org/dotenv/-/dotenv-16.4.7.tgz",
      "integrity": "sha512-47qPchRCykZC03FhkYAhrvwU4xDBFIj1QPqaarj6mdM/hgUzfPHcpkHJOn3mJAufFeeAxAzeGsr5X0M4k6fLZQ==",
      "engines": {
        "node": ">=12"
      },
      "funding": {
        "url": "https://dotenvx.com"
      }
    },
    "node_modules/fsevents": {
      "version": "2.3.3",
      "resolved": "https://registry.npmjs.org/fsevents/-/fsevents-2.3.3.tgz",
      "integrity": "sha512-5xoDfX+fL7faATnagmWPpbFtwh/R77WmMMqqHGS65C3vvB0YHrgF+B1YmZ3441tMj5n63k0212XNoJwzlhffQw==",
      "dev": true,
      "hasInstallScript": true,
      "optional": true,
      "os": [
        "darwin"
      ],
      "engines": {
        "node": "^8.16.0 || ^10.6.0 || >=11.0.0"
      }
    },
    "node_modules/generic-pool": {
      "version": "3.9.0",
      "resolved": "https://registry.npmjs.org/generic-pool/-/generic-pool-3.9.0.tgz",
      "integrity": "sha512-hymDOu5B53XvN4QT9dBmZxPX4CWhBPPLguTZ9MMFeFa/Kg0xWVfylOVNlJji/E7yTZWFd/q9GO5TxDLq156D7g==",
      "engines": {
        "node": ">= 4"
      }
    },
    "node_modules/prisma": {
      "version": "6.3.1",
      "resolved": "https://registry.npmjs.org/prisma/-/prisma-6.3.1.tgz",
      "integrity": "sha512-JKCZWvBC3enxk51tY4TWzS4b5iRt4sSU1uHn2I183giZTvonXaQonzVtjLzpOHE7qu9MxY510kAtFGJwryKe3Q==",
      "devOptional": true,
      "hasInstallScript": true,
      "dependencies": {
        "@prisma/engines": "6.3.1"
      },
      "bin": {
        "prisma": "build/index.js"
      },
      "engines": {
        "node": ">=18.18"
      },
      "optionalDependencies": {
        "fsevents": "2.3.3"
      },
      "peerDependencies": {
        "typescript": ">=5.1.0"
      },
      "peerDependenciesMeta": {
        "typescript": {
          "optional": true
        }
      }
    },
    "node_modules/redis": {
      "version": "4.7.0",
      "resolved": "https://registry.npmjs.org/redis/-/redis-4.7.0.tgz",
      "integrity": "sha512-zvmkHEAdGMn+hMRXuMBtu4Vo5P6rHQjLoHftu+lBqq8ZTA3RCVC/WzD790bkKKiNFp7d5/9PcSD19fJyyRvOdQ==",
      "dependencies": {
        "@redis/bloom": "1.2.0",
        "@redis/client": "1.6.0",
        "@redis/graph": "1.1.1",
        "@redis/json": "1.0.7",
        "@redis/search": "1.2.0",
        "@redis/time-series": "1.1.0"
      }
    },
    "node_modules/undici-types": {
      "version": "6.20.0",
      "resolved": "https://registry.npmjs.org/undici-types/-/undici-types-6.20.0.tgz",
      "integrity": "sha512-Ny6QZ2Nju20vw1SRHe3d9jVu6gJ+4e3+MMpqu7pqE5HT6WsTSlce++GQmK5UXS8mzV8DSYHrQH+Xrf2jVcuKNg==",
      "dev": true
    },
    "node_modules/yallist": {
      "version": "4.0.0",
      "resolved": "https://registry.npmjs.org/yallist/-/yallist-4.0.0.tgz",
      "integrity": "sha512-3wdGidZyq5PB084XLES5TpOSRA3wjXAlIWMhum2kRcv/41Sn2emQ0dycQW4uZXLejwKvg6EsvbdlVL+FYEct7A=="
    },
    "node_modules/zod": {
      "version": "3.24.2",
      "resolved": "https://registry.npmjs.org/zod/-/zod-3.24.2.tgz",
      "integrity": "sha512-lY7CDW43ECgW9u1TcT3IoXHflywfVqDYze4waEz812jR/bZ8FHDsl7pFQoSZTz5N+2NqRXs8GBwnAwo3ZNxqhQ==",
      "funding": {
        "url": "https://github.com/sponsors/colinhacks"
      }
    }
  }
}
